
Microsoft Visual Studio Solution File, Format Version 12.00
# Visual Studio Version 16
VisualStudioVersion = 16.0.29306.81
MinimumVisualStudioVersion = 10.0.40219.1
Project("{FAE04EC0-301F-11D3-BF4B-00C04F79EFBC}") = "MySimpleGame", "MySimpleGame.csproj", "{5143D0C8-AF7B-44ED-A17F-DCB3249AC5B8}"
EndProject
Global
	GlobalSection(SolutionConfigurationPlatforms) = preSolution
		Debug|Any CPU = Debug|Any CPU
		Release|Any CPU = Release|Any CPU
	EndGlobalSection
	GlobalSection(ProjectConfigurationPlatforms) = postSolution
		{5143D0C8-AF7B-44ED-A17F-DCB3249AC5B8}.Debug|Any CPU.ActiveCfg = Debug|Any CPU
		{5143D0C8-AF7B-44ED-A17F-DCB3249AC5B8}.Debug|Any CPU.Build.0 = Debug|Any CPU
		{5143D0C8-AF7B-44ED-A17F-DCB3249AC5B8}.Release|Any CPU.ActiveCfg = Release|Any CPU
		{5143D0C8-AF7B-44ED-A17F-DCB3249AC5B8}.Release|Any CPU.Build.0 = Release|Any CPU
	EndGlobalSection
	GlobalSection(SolutionProperties) = preSolution
		HideSolutionNode = FALSE
	EndGlobalSection
	GlobalSection(ExtensibilityGlobals) = postSolution
		SolutionGuid = {C3901F46-5EDD-4697-B601-E4C13F7E4F44}
	EndGlobalSection
EndGlobal
